// !$*UTF8*$!
{
	archiveVersion = 1;
	classes = {
	};
	objectVersion = 56;
	objects = {

/* Begin PBXBuildFile section */
		8CE7DE322CA4541600DC7F50 /* LoginSampleApp.swift in Sources */ = {isa = PBXBuildFile; fileRef = 8CE7DE312CA4541600DC7F50 /* LoginSampleApp.swift */; };
		8CE7DE342CA4541600DC7F50 /* ContentView.swift in Sources */ = {isa = PBXBuildFile; fileRef = 8CE7DE332CA4541600DC7F50 /* ContentView.swift */; };
		8CE7DE362CA4541600DC7F50 /* Item.swift in Sources */ = {isa = PBXBuildFile; fileRef = 8CE7DE352CA4541600DC7F50 /* Item.swift */; };
		8CE7DE382CA4541700DC7F50 /* Assets.xcassets in Resources */ = {isa = PBXBuildFile; fileRef = 8CE7DE372CA4541700DC7F50 /* Assets.xcassets */; };
		8CE7DE3B2CA4541700DC7F50 /* Preview Assets.xcassets in Resources */ = {isa = PBXBuildFile; fileRef = 8CE7DE3A2CA4541700DC7F50 /* Preview Assets.xcassets */; };
		8CE7DE452CA4541800DC7F50 /* LoginSampleTests.swift in Sources */ = {isa = PBXBuildFile; fileRef = 8CE7DE442CA4541800DC7F50 /* LoginSampleTests.swift */; };
		8CE7DE4F2CA4541800DC7F50 /* LoginSampleUITests.swift in Sources */ = {isa = PBXBuildFile; fileRef = 8CE7DE4E2CA4541800DC7F50 /* LoginSampleUITests.swift */; };
		8CE7DE512CA4541800DC7F50 /* LoginSampleUITestsLaunchTests.swift in Sources */ = {isa = PBXBuildFile; fileRef = 8CE7DE502CA4541800DC7F50 /* LoginSampleUITestsLaunchTests.swift */; };
		8CE7DE5E2CA4553B00DC7F50 /* LoginView.swift in Sources */ = {isa = PBXBuildFile; fileRef = 8CE7DE5D2CA4553B00DC7F50 /* LoginView.swift */; };
/* End PBXBuildFile section */

/* Begin PBXContainerItemProxy section */
		8CE7DE412CA4541800DC7F50 /* PBXContainerItemProxy */ = {
			isa = PBXContainerItemProxy;
			containerPortal = 8CE7DE262CA4541500DC7F50 /* Project object */;
			proxyType = 1;
			remoteGlobalIDString = 8CE7DE2D2CA4541600DC7F50;
			remoteInfo = LoginSample;
		};
		8CE7DE4B2CA4541800DC7F50 /* PBXContainerItemProxy */ = {
			isa = PBXContainerItemProxy;
			containerPortal = 8CE7DE262CA4541500DC7F50 /* Project object */;
			proxyType = 1;
			remoteGlobalIDString = 8CE7DE2D2CA4541600DC7F50;
			remoteInfo = LoginSample;
		};
/* End PBXContainerItemProxy section */

/* Begin PBXFileReference section */
		8CE7DE2E2CA4541600DC7F50 /* LoginSample.app */ = {isa = PBXFileReference; explicitFileType = wrapper.application; includeInIndex = 0; path = LoginSample.app; sourceTree = BUILT_PRODUCTS_DIR; };
		8CE7DE312CA4541600DC7F50 /* LoginSampleApp.swift */ = {isa = PBXFileReference; lastKnownFileType = sourcecode.swift; path = LoginSampleApp.swift; sourceTree = "<group>"; };
		8CE7DE332CA4541600DC7F50 /* ContentView.swift */ = {isa = PBXFileReference; lastKnownFileType = sourcecode.swift; path = ContentView.swift; sourceTree = "<group>"; };
		8CE7DE352CA4541600DC7F50 /* Item.swift */ = {isa = PBXFileReference; lastKnownFileType = sourcecode.swift; path = Item.swift; sourceTree = "<group>"; };
		8CE7DE372CA4541700DC7F50 /* Assets.xcassets */ = {isa = PBXFileReference; lastKnownFileType = folder.assetcatalog; path = Assets.xcassets; sourceTree = "<group>"; };
		8CE7DE3A2CA4541700DC7F50 /* Preview Assets.xcassets */ = {isa = PBXFileReference; lastKnownFileType = folder.assetcatalog; path = "Preview Assets.xcassets"; sourceTree = "<group>"; };
		8CE7DE402CA4541800DC7F50 /* LoginSampleTests.xctest */ = {isa = PBXFileReference; explicitFileType = wrapper.cfbundle; includeInIndex = 0; path = LoginSampleTests.xctest; sourceTree = BUILT_PRODUCTS_DIR; };
		8CE7DE442CA4541800DC7F50 /* LoginSampleTests.swift */ = {isa = PBXFileReference; lastKnownFileType = sourcecode.swift; path = LoginSampleTests.swift; sourceTree = "<group>"; };
		8CE7DE4A2CA4541800DC7F50 /* LoginSampleUITests.xctest */ = {isa = PBXFileReference; explicitFileType = wrapper.cfbundle; includeInIndex = 0; path = LoginSampleUITests.xctest; sourceTree = BUILT_PRODUCTS_DIR; };
		8CE7DE4E2CA4541800DC7F50 /* LoginSampleUITests.swift */ = {isa = PBXFileReference; lastKnownFileType = sourcecode.swift; path = LoginSampleUITests.swift; sourceTree = "<group>"; };
		8CE7DE502CA4541800DC7F50 /* LoginSampleUITestsLaunchTests.swift */ = {isa = PBXFileReference; lastKnownFileType = sourcecode.swift; path = LoginSampleUITestsLaunchTests.swift; sourceTree = "<group>"; };
		8CE7DE5D2CA4553B00DC7F50 /* LoginView.swift */ = {isa = PBXFileReference; lastKnownFileType = sourcecode.swift; path = LoginView.swift; sourceTree = "<group>"; };
/* End PBXFileReference section */

/* Begin PBXFrameworksBuildPhase section */
		8CE7DE2B2CA4541600DC7F50 /* Frameworks */ = {
			isa = PBXFrameworksBuildPhase;
			buildActionMask = 2147483647;
			files = (
			);
			runOnlyForDeploymentPostprocessing = 0;
		};
		8CE7DE3D2CA4541800DC7F50 /* Frameworks */ = {
			isa = PBXFrameworksBuildPhase;
			buildActionMask = 2147483647;
			files = (
			);
			runOnlyForDeploymentPostprocessing = 0;
		};
		8CE7DE472CA4541800DC7F50 /* Frameworks */ = {
			isa = PBXFrameworksBuildPhase;
			buildActionMask = 2147483647;
			files = (
			);
			runOnlyForDeploymentPostprocessing = 0;
		};
/* End PBXFrameworksBuildPhase section */

/* Begin PBXGroup section */
		8CE7DE252CA4541500DC7F50 = {
			isa = PBXGroup;
			children = (
				8CE7DE302CA4541600DC7F50 /* LoginSample */,
				8CE7DE432CA4541800DC7F50 /* LoginSampleTests */,
				8CE7DE4D2CA4541800DC7F50 /* LoginSampleUITests */,
				8CE7DE2F2CA4541600DC7F50 /* Products */,
			);
			sourceTree = "<group>";
		};
		8CE7DE2F2CA4541600DC7F50 /* Products */ = {
			isa = PBXGroup;
			children = (
				8CE7DE2E2CA4541600DC7F50 /* LoginSample.app */,
				8CE7DE402CA4541800DC7F50 /* LoginSampleTests.xctest */,
				8CE7DE4A2CA4541800DC7F50 /* LoginSampleUITests.xctest */,
			);
			name = Products;
			sourceTree = "<group>";
		};
		8CE7DE302CA4541600DC7F50 /* LoginSample */ = {
			isa = PBXGroup;
			children = (
				8CE7DE312CA4541600DC7F50 /* LoginSampleApp.swift */,
				8CE7DE332CA4541600DC7F50 /* ContentView.swift */,
				8CE7DE352CA4541600DC7F50 /* Item.swift */,
				8CE7DE372CA4541700DC7F50 /* Assets.xcassets */,
				8CE7DE392CA4541700DC7F50 /* Preview Content */,
				8CE7DE5D2CA4553B00DC7F50 /* LoginView.swift */,
			);
			path = LoginSample;
			sourceTree = "<group>";
		};
		8CE7DE392CA4541700DC7F50 /* Preview Content */ = {
			isa = PBXGroup;
			children = (
				8CE7DE3A2CA4541700DC7F50 /* Preview Assets.xcassets */,
			);
			path = "Preview Content";
			sourceTree = "<group>";
		};
		8CE7DE432CA4541800DC7F50 /* LoginSampleTests */ = {
			isa = PBXGroup;
			children = (
				8CE7DE442CA4541800DC7F50 /* LoginSampleTests.swift */,
			);
			path = LoginSampleTests;
			sourceTree = "<group>";
		};
		8CE7DE4D2CA4541800DC7F50 /* LoginSampleUITests */ = {
			isa = PBXGroup;
			children = (
				8CE7DE4E2CA4541800DC7F50 /* LoginSampleUITests.swift */,
				8CE7DE502CA4541800DC7F50 /* LoginSampleUITestsLaunchTests.swift */,
			);
			path = LoginSampleUITests;
			sourceTree = "<group>";
		};
/* End PBXGroup section */

/* Begin PBXNativeTarget section */
		8CE7DE2D2CA4541600DC7F50 /* LoginSample */ = {
			isa = PBXNativeTarget;
			buildConfigurationList = 8CE7DE542CA4541800DC7F50 /* Build configuration list for PBXNativeTarget "LoginSample" */;
			buildPhases = (
				8CE7DE2A2CA4541600DC7F50 /* Sources */,
				8CE7DE2B2CA4541600DC7F50 /* Frameworks */,
				8CE7DE2C2CA4541600DC7F50 /* Resources */,
			);
			buildRules = (
			);
			dependencies = (
			);
			name = LoginSample;
			productName = LoginSample;
			productReference = 8CE7DE2E2CA4541600DC7F50 /* LoginSample.app */;
			productType = "com.apple.product-type.application";
		};
		8CE7DE3F2CA4541800DC7F50 /* LoginSampleTests */ = {
			isa = PBXNativeTarget;
			buildConfigurationList = 8CE7DE572CA4541800DC7F50 /* Build configuration list for PBXNativeTarget "LoginSampleTests" */;
			buildPhases = (
				8CE7DE3C2CA4541800DC7F50 /* Sources */,
				8CE7DE3D2CA4541800DC7F50 /* Frameworks */,
				8CE7DE3E2CA4541800DC7F50 /* Resources */,
			);
			buildRules = (
			);
			dependencies = (
				8CE7DE422CA4541800DC7F50 /* PBXTargetDependency */,
			);
			name = LoginSampleTests;
			productName = LoginSampleTests;
			productReference = 8CE7DE402CA4541800DC7F50 /* LoginSampleTests.xctest */;
			productType = "com.apple.product-type.bundle.unit-test";
		};
		8CE7DE492CA4541800DC7F50 /* LoginSampleUITests */ = {
			isa = PBXNativeTarget;
			buildConfigurationList = 8CE7DE5A2CA4541800DC7F50 /* Build configuration list for PBXNativeTarget "LoginSampleUITests" */;
			buildPhases = (
				8CE7DE462CA4541800DC7F50 /* Sources */,
				8CE7DE472CA4541800DC7F50 /* Frameworks */,
				8CE7DE482CA4541800DC7F50 /* Resources */,
			);
			buildRules = (
			);
			dependencies = (
				8CE7DE4C2CA4541800DC7F50 /* PBXTargetDependency */,
			);
			name = LoginSampleUITests;
			productName = LoginSampleUITests;
			productReference = 8CE7DE4A2CA4541800DC7F50 /* LoginSampleUITests.xctest */;
			productType = "com.apple.product-type.bundle.ui-testing";
		};
/* End PBXNativeTarget section */

/* Begin PBXProject section */
		8CE7DE262CA4541500DC7F50 /* Project object */ = {
			isa = PBXProject;
			attributes = {
				BuildIndependentTargetsInParallel = 1;
				LastSwiftUpdateCheck = 1500;
				LastUpgradeCheck = 1500;
				TargetAttributes = {
					8CE7DE2D2CA4541600DC7F50 = {
						CreatedOnToolsVersion = 15.0;
					};
					8CE7DE3F2CA4541800DC7F50 = {
						CreatedOnToolsVersion = 15.0;
						TestTargetID = 8CE7DE2D2CA4541600DC7F50;
					};
					8CE7DE492CA4541800DC7F50 = {
						CreatedOnToolsVersion = 15.0;
						TestTargetID = 8CE7DE2D2CA4541600DC7F50;
					};
				};
			};
			buildConfigurationList = 8CE7DE292CA4541500DC7F50 /* Build configuration list for PBXProject "LoginSample" */;
			compatibilityVersion = "Xcode 14.0";
			developmentRegion = en;
			hasScannedForEncodings = 0;
			knownRegions = (
				en,
				Base,
			);
			mainGroup = 8CE7DE252CA4541500DC7F50;
			productRefGroup = 8CE7DE2F2CA4541600DC7F50 /* Products */;
			projectDirPath = "";
			projectRoot = "";
			targets = (
				8CE7DE2D2CA4541600DC7F50 /* LoginSample */,
				8CE7DE3F2CA4541800DC7F50 /* LoginSampleTests */,
				8CE7DE492CA4541800DC7F50 /* LoginSampleUITests */,
			);
		};
/* End PBXProject section */

/* Begin PBXResourcesBuildPhase section */
		8CE7DE2C2CA4541600DC7F50 /* Resources */ = {
			isa = PBXResourcesBuildPhase;
			buildActionMask = 2147483647;
			files = (
				8CE7DE3B2CA4541700DC7F50 /* Preview Assets.xcassets in Resources */,
				8CE7DE382CA4541700DC7F50 /* Assets.xcassets in Resources */,
			);
			runOnlyForDeploymentPostprocessing = 0;
		};
		8CE7DE3E2CA4541800DC7F50 /* Resources */ = {
			isa = PBXResourcesBuildPhase;
			buildActionMask = 2147483647;
			files = (
			);
			runOnlyForDeploymentPostprocessing = 0;
		};
		8CE7DE482CA4541800DC7F50 /* Resources */ = {
			isa = PBXResourcesBuildPhase;
			buildActionMask = 2147483647;
			files = (
			);
			runOnlyForDeploymentPostprocessing = 0;
		};
/* End PBXResourcesBuildPhase section */

/* Begin PBXSourcesBuildPhase section */
		8CE7DE2A2CA4541600DC7F50 /* Sources */ = {
			isa = PBXSourcesBuildPhase;
			buildActionMask = 2147483647;
			files = (
				8CE7DE342CA4541600DC7F50 /* ContentView.swift in Sources */,
				8CE7DE362CA4541600DC7F50 /* Item.swift in Sources */,
				8CE7DE5E2CA4553B00DC7F50 /* LoginView.swift in Sources */,
				8CE7DE322CA4541600DC7F50 /* LoginSampleApp.swift in Sources */,
			);
			runOnlyForDeploymentPostprocessing = 0;
		};
		8CE7DE3C2CA4541800DC7F50 /* Sources */ = {
			isa = PBXSourcesBuildPhase;
			buildActionMask = 2147483647;
			files = (
				8CE7DE452CA4541800DC7F50 /* LoginSampleTests.swift in Sources */,
			);
			runOnlyForDeploymentPostprocessing = 0;
		};
		8CE7DE462CA4541800DC7F50 /* Sources */ = {
			isa = PBXSourcesBuildPhase;
			buildActionMask = 2147483647;
			files = (
				8CE7DE512CA4541800DC7F50 /* LoginSampleUITestsLaunchTests.swift in Sources */,
				8CE7DE4F2CA4541800DC7F50 /* LoginSampleUITests.swift in Sources */,
			);
			runOnlyForDeploymentPostprocessing = 0;
		};
/* End PBXSourcesBuildPhase section */

/* Begin PBXTargetDependency section */
		8CE7DE422CA4541800DC7F50 /* PBXTargetDependency */ = {
			isa = PBXTargetDependency;
			target = 8CE7DE2D2CA4541600DC7F50 /* LoginSample */;
			targetProxy = 8CE7DE412CA4541800DC7F50 /* PBXContainerItemProxy */;
		};
		8CE7DE4C2CA4541800DC7F50 /* PBXTargetDependency */ = {
			isa = PBXTargetDependency;
			target = 8CE7DE2D2CA4541600DC7F50 /* LoginSample */;
			targetProxy = 8CE7DE4B2CA4541800DC7F50 /* PBXContainerItemProxy */;
		};
/* End PBXTargetDependency section */

/* Begin XCBuildConfiguration section */
		8CE7DE522CA4541800DC7F50 /* Debug */ = {
			isa = XCBuildConfiguration;
			buildSettings = {
				ALWAYS_SEARCH_USER_PATHS = NO;
				ASSETCATALOG_COMPILER_GENERATE_SWIFT_ASSET_SYMBOL_EXTENSIONS = YES;
				CLANG_ANALYZER_NONNULL = YES;
				CLANG_ANALYZER_NUMBER_OBJECT_CONVERSION = YES_AGGRESSIVE;
				CLANG_CXX_LANGUAGE_STANDARD = "gnu++20";
				CLANG_ENABLE_MODULES = YES;
				CLANG_ENABLE_OBJC_ARC = YES;
				CLANG_ENABLE_OBJC_WEAK = YES;
				CLANG_WARN_BLOCK_CAPTURE_AUTORELEASING = YES;
				CLANG_WARN_BOOL_CONVERSION = YES;
				CLANG_WARN_COMMA = YES;
				CLANG_WARN_CONSTANT_CONVERSION = YES;
				CLANG_WARN_DEPRECATED_OBJC_IMPLEMENTATIONS = YES;
				CLANG_WARN_DIRECT_OBJC_ISA_USAGE = YES_ERROR;
				CLANG_WARN_DOCUMENTATION_COMMENTS = YES;
				CLANG_WARN_EMPTY_BODY = YES;
				CLANG_WARN_ENUM_CONVERSION = YES;
				CLANG_WARN_INFINITE_RECURSION = YES;
				CLANG_WARN_INT_CONVERSION = YES;
				CLANG_WARN_NON_LITERAL_NULL_CONVERSION = YES;
				CLANG_WARN_OBJC_IMPLICIT_RETAIN_SELF = YES;
				CLANG_WARN_OBJC_LITERAL_CONVERSION = YES;
				CLANG_WARN_OBJC_ROOT_CLASS = YES_ERROR;
				CLANG_WARN_QUOTED_INCLUDE_IN_FRAMEWORK_HEADER = YES;
				CLANG_WARN_RANGE_LOOP_ANALYSIS = YES;
				CLANG_WARN_STRICT_PROTOTYPES = YES;
				CLANG_WARN_SUSPICIOUS_MOVE = YES;
				CLANG_WARN_UNGUARDED_AVAILABILITY = YES_AGGRESSIVE;
				CLANG_WARN_UNREACHABLE_CODE = YES;
				CLANG_WARN__DUPLICATE_METHOD_MATCH = YES;
				COPY_PHASE_STRIP = NO;
				DEBUG_INFORMATION_FORMAT = dwarf;
				ENABLE_STRICT_OBJC_MSGSEND = YES;
				ENABLE_TESTABILITY = YES;
				ENABLE_USER_SCRIPT_SANDBOXING = YES;
				GCC_C_LANGUAGE_STANDARD = gnu17;
				GCC_DYNAMIC_NO_PIC = NO;
				GCC_NO_COMMON_BLOCKS = YES;
				GCC_OPTIMIZATION_LEVEL = 0;
				GCC_PREPROCESSOR_DEFINITIONS = (
					"DEBUG=1",
					"$(inherited)",
				);
				GCC_WARN_64_TO_32_BIT_CONVERSION = YES;
				GCC_WARN_ABOUT_RETURN_TYPE = YES_ERROR;
				GCC_WARN_UNDECLARED_SELECTOR = YES;
				GCC_WARN_UNINITIALIZED_AUTOS = YES_AGGRESSIVE;
				GCC_WARN_UNUSED_FUNCTION = YES;
				GCC_WARN_UNUSED_VARIABLE = YES;
				IPHONEOS_DEPLOYMENT_TARGET = 17.0;
				LOCALIZATION_PREFERS_STRING_CATALOGS = YES;
				MTL_ENABLE_DEBUG_INFO = INCLUDE_SOURCE;
				MTL_FAST_MATH = YES;
				ONLY_ACTIVE_ARCH = YES;
				SDKROOT = iphoneos;
				SWIFT_ACTIVE_COMPILATION_CONDITIONS = "DEBUG $(inherited)";
				SWIFT_OPTIMIZATION_LEVEL = "-Onone";
			};
			name = Debug;
		};
		8CE7DE532CA4541800DC7F50 /* Release */ = {
			isa = XCBuildConfiguration;
			buildSettings = {
				ALWAYS_SEARCH_USER_PATHS = NO;
				ASSETCATALOG_COMPILER_GENERATE_SWIFT_ASSET_SYMBOL_EXTENSIONS = YES;
				CLANG_ANALYZER_NONNULL = YES;
				CLANG_ANALYZER_NUMBER_OBJECT_CONVERSION = YES_AGGRESSIVE;
				CLANG_CXX_LANGUAGE_STANDARD = "gnu++20";
				CLANG_ENABLE_MODULES = YES;
				CLANG_ENABLE_OBJC_ARC = YES;
				CLANG_ENABLE_OBJC_WEAK = YES;
				CLANG_WARN_BLOCK_CAPTURE_AUTORELEASING = YES;
				CLANG_WARN_BOOL_CONVERSION = YES;
				CLANG_WARN_COMMA = YES;
				CLANG_WARN_CONSTANT_CONVERSION = YES;
				CLANG_WARN_DEPRECATED_OBJC_IMPLEMENTATIONS = YES;
				CLANG_WARN_DIRECT_OBJC_ISA_USAGE = YES_ERROR;
				CLANG_WARN_DOCUMENTATION_COMMENTS = YES;
				CLANG_WARN_EMPTY_BODY = YES;
				CLANG_WARN_ENUM_CONVERSION = YES;
				CLANG_WARN_INFINITE_RECURSION = YES;
				CLANG_WARN_INT_CONVERSION = YES;
				CLANG_WARN_NON_LITERAL_NULL_CONVERSION = YES;
				CLANG_WARN_OBJC_IMPLICIT_RETAIN_SELF = YES;
				CLANG_WARN_OBJC_LITERAL_CONVERSION = YES;
				CLANG_WARN_OBJC_ROOT_CLASS = YES_ERROR;
				CLANG_WARN_QUOTED_INCLUDE_IN_FRAMEWORK_HEADER = YES;
				CLANG_WARN_RANGE_LOOP_ANALYSIS = YES;
				CLANG_WARN_STRICT_PROTOTYPES = YES;
				CLANG_WARN_SUSPICIOUS_MOVE = YES;
				CLANG_WARN_UNGUARDED_AVAILABILITY = YES_AGGRESSIVE;
				CLANG_WARN_UNREACHABLE_CODE = YES;
				CLANG_WARN__DUPLICATE_METHOD_MATCH = YES;
				COPY_PHASE_STRIP = NO;
				DEBUG_INFORMATION_FORMAT = "dwarf-with-dsym";
				ENABLE_NS_ASSERTIONS = NO;
				ENABLE_STRICT_OBJC_MSGSEND = YES;
				ENABLE_USER_SCRIPT_SANDBOXING = YES;
				GCC_C_LANGUAGE_STANDARD = gnu17;
				GCC_NO_COMMON_BLOCKS = YES;
				GCC_WARN_64_TO_32_BIT_CONVERSION = YES;
				GCC_WARN_ABOUT_RETURN_TYPE = YES_ERROR;
				GCC_WARN_UNDECLARED_SELECTOR = YES;
				GCC_WARN_UNINITIALIZED_AUTOS = YES_AGGRESSIVE;
				GCC_WARN_UNUSED_FUNCTION = YES;
				GCC_WARN_UNUSED_VARIABLE = YES;
				IPHONEOS_DEPLOYMENT_TARGET = 17.0;
				LOCALIZATION_PREFERS_STRING_CATALOGS = YES;
				MTL_ENABLE_DEBUG_INFO = NO;
				MTL_FAST_MATH = YES;
				SDKROOT = iphoneos;
				SWIFT_COMPILATION_MODE = wholemodule;
				VALIDATE_PRODUCT = YES;
			};
			name = Release;
		};
		8CE7DE552CA4541800DC7F50 /* Debug */ = {
			isa = XCBuildConfiguration;
			buildSettings = {
				ASSETCATALOG_COMPILER_APPICON_NAME = AppIcon;
				ASSETCATALOG_COMPILER_GLOBAL_ACCENT_COLOR_NAME = AccentColor;
				CODE_SIGN_STYLE = Automatic;
				CURRENT_PROJECT_VERSION = 1;
				DEVELOPMENT_ASSET_PATHS = "\"LoginSample/Preview Content\"";
				ENABLE_PREVIEWS = YES;
				GENERATE_INFOPLIST_FILE = YES;
				INFOPLIST_KEY_UIApplicationSceneManifest_Generation = YES;
				INFOPLIST_KEY_UIApplicationSupportsIndirectInputEvents = YES;
				INFOPLIST_KEY_UILaunchScreen_Generation = YES;
				INFOPLIST_KEY_UISupportedInterfaceOrientations_iPad = "UIInterfaceOrientationPortrait UIInterfaceOrientationPortraitUpsideDown UIInterfaceOrientationLandscapeLeft UIInterfaceOrientationLandscapeRight";
				INFOPLIST_KEY_UISupportedInterfaceOrientations_iPhone = "UIInterfaceOrientationPortrait UIInterfaceOrientationLandscapeLeft UIInterfaceOrientationLandscapeRight";
				IPHONEOS_DEPLOYMENT_TARGET = 17.0;
				LD_RUNPATH_SEARCH_PATHS = (
					"$(inherited)",
					"@executable_path/Frameworks",
				);
				MARKETING_VERSION = 1.0;
				PRODUCT_BUNDLE_IDENTIFIER = Xcode.LoginSample;
				PRODUCT_NAME = "$(TARGET_NAME)";
				SWIFT_EMIT_LOC_STRINGS = YES;
				SWIFT_VERSION = 5.0;
				TARGETED_DEVICE_FAMILY = "1,2";
			};
			name = Debug;
		};
		8CE7DE562CA4541800DC7F50 /* Release */ = {
			isa = XCBuildConfiguration;
			buildSettings = {
				ASSETCATALOG_COMPILER_APPICON_NAME = AppIcon;
				ASSETCATALOG_COMPILER_GLOBAL_ACCENT_COLOR_NAME = AccentColor;
				CODE_SIGN_STYLE = Automatic;
				CURRENT_PROJECT_VERSION = 1;
				DEVELOPMENT_ASSET_PATHS = "\"LoginSample/Preview Content\"";
				ENABLE_PREVIEWS = YES;
				GENERATE_INFOPLIST_FILE = YES;
				INFOPLIST_KEY_UIApplicationSceneManifest_Generation = YES;
				INFOPLIST_KEY_UIApplicationSupportsIndirectInputEvents = YES;
				INFOPLIST_KEY_UILaunchScreen_Generation = YES;
				INFOPLIST_KEY_UISupportedInterfaceOrientations_iPad = "UIInterfaceOrientationPortrait UIInterfaceOrientationPortraitUpsideDown UIInterfaceOrientationLandscapeLeft UIInterfaceOrientationLandscapeRight";
				INFOPLIST_KEY_UISupportedInterfaceOrientations_iPhone = "UIInterfaceOrientationPortrait UIInterfaceOrientationLandscapeLeft UIInterfaceOrientationLandscapeRight";
				IPHONEOS_DEPLOYMENT_TARGET = 17.0;
				LD_RUNPATH_SEARCH_PATHS = (
					"$(inherited)",
					"@executable_path/Frameworks",
				);
				MARKETING_VERSION = 1.0;
				PRODUCT_BUNDLE_IDENTIFIER = Xcode.LoginSample;
				PRODUCT_NAME = "$(TARGET_NAME)";
				SWIFT_EMIT_LOC_STRINGS = YES;
				SWIFT_VERSION = 5.0;
				TARGETED_DEVICE_FAMILY = "1,2";
			};
			name = Release;
		};
		8CE7DE582CA4541800DC7F50 /* Debug */ = {
			isa = XCBuildConfiguration;
			buildSettings = {
				ALWAYS_EMBED_SWIFT_STANDARD_LIBRARIES = YES;
				BUNDLE_LOADER = "$(TEST_HOST)";
				CODE_SIGN_STYLE = Automatic;
				CURRENT_PROJECT_VERSION = 1;
				GENERATE_INFOPLIST_FILE = YES;
				IPHONEOS_DEPLOYMENT_TARGET = 17.0;
				MARKETING_VERSION = 1.0;
				PRODUCT_BUNDLE_IDENTIFIER = Xcode.LoginSampleTests;
				PRODUCT_NAME = "$(TARGET_NAME)";
				SWIFT_EMIT_LOC_STRINGS = NO;
				SWIFT_VERSION = 5.0;
				TARGETED_DEVICE_FAMILY = "1,2";
				TEST_HOST = "$(BUILT_PRODUCTS_DIR)/LoginSample.app/$(BUNDLE_EXECUTABLE_FOLDER_PATH)/LoginSample";
			};
			name = Debug;
		};
		8CE7DE592CA4541800DC7F50 /* Release */ = {
			isa = XCBuildConfiguration;
			buildSettings = {
				ALWAYS_EMBED_SWIFT_STANDARD_LIBRARIES = YES;
				BUNDLE_LOADER = "$(TEST_HOST)";
				CODE_SIGN_STYLE = Automatic;
				CURRENT_PROJECT_VERSION = 1;
				GENERATE_INFOPLIST_FILE = YES;
				IPHONEOS_DEPLOYMENT_TARGET = 17.0;
				MARKETING_VERSION = 1.0;
				PRODUCT_BUNDLE_IDENTIFIER = Xcode.LoginSampleTests;
				PRODUCT_NAME = "$(TARGET_NAME)";
				SWIFT_EMIT_LOC_STRINGS = NO;
				SWIFT_VERSION = 5.0;
				TARGETED_DEVICE_FAMILY = "1,2";
				TEST_HOST = "$(BUILT_PRODUCTS_DIR)/LoginSample.app/$(BUNDLE_EXECUTABLE_FOLDER_PATH)/LoginSample";
			};
			name = Release;
		};
		8CE7DE5B2CA4541800DC7F50 /* Debug */ = {
			isa = XCBuildConfiguration;
			buildSettings = {
				ALWAYS_EMBED_SWIFT_STANDARD_LIBRARIES = YES;
				CODE_SIGN_STYLE = Automatic;
				CURRENT_PROJECT_VERSION = 1;
				GENERATE_INFOPLIST_FILE = YES;
				MARKETING_VERSION = 1.0;
				PRODUCT_BUNDLE_IDENTIFIER = Xcode.LoginSampleUITests;
				PRODUCT_NAME = "$(TARGET_NAME)";
				SWIFT_EMIT_LOC_STRINGS = NO;
				SWIFT_VERSION = 5.0;
				TARGETED_DEVICE_FAMILY = "1,2";
				TEST_TARGET_NAME = LoginSample;
			};
			name = Debug;
		};
		8CE7DE5C2CA4541800DC7F50 /* Release */ = {
			isa = XCBuildConfiguration;
			buildSettings = {
				ALWAYS_EMBED_SWIFT_STANDARD_LIBRARIES = YES;
				CODE_SIGN_STYLE = Automatic;
				CURRENT_PROJECT_VERSION = 1;
				GENERATE_INFOPLIST_FILE = YES;
				MARKETING_VERSION = 1.0;
				PRODUCT_BUNDLE_IDENTIFIER = Xcode.LoginSampleUITests;
				PRODUCT_NAME = "$(TARGET_NAME)";
				SWIFT_EMIT_LOC_STRINGS = NO;
				SWIFT_VERSION = 5.0;
				TARGETED_DEVICE_FAMILY = "1,2";
				TEST_TARGET_NAME = LoginSample;
			};
			name = Release;
		};
/* End XCBuildConfiguration section */

/* Begin XCConfigurationList section */
		8CE7DE292CA4541500DC7F50 /* Build configuration list for PBXProject "LoginSample" */ = {
			isa = XCConfigurationList;
			buildConfigurations = (
				8CE7DE522CA4541800DC7F50 /* Debug */,
				8CE7DE532CA4541800DC7F50 /* Release */,
			);
			defaultConfigurationIsVisible = 0;
			defaultConfigurationName = Release;
		};
		8CE7DE542CA4541800DC7F50 /* Build configuration list for PBXNativeTarget "LoginSample" */ = {
			isa = XCConfigurationList;
			buildConfigurations = (
				8CE7DE552CA4541800DC7F50 /* Debug */,
				8CE7DE562CA4541800DC7F50 /* Release */,
			);
			defaultConfigurationIsVisible = 0;
			defaultConfigurationName = Release;
		};
		8CE7DE572CA4541800DC7F50 /* Build configuration list for PBXNativeTarget "LoginSampleTests" */ = {
			isa = XCConfigurationList;
			buildConfigurations = (
				8CE7DE582CA4541800DC7F50 /* Debug */,
				8CE7DE592CA4541800DC7F50 /* Release */,
			);
			defaultConfigurationIsVisible = 0;
			defaultConfigurationName = Release;
		};
		8CE7DE5A2CA4541800DC7F50 /* Build configuration list for PBXNativeTarget "LoginSampleUITests" */ = {
			isa = XCConfigurationList;
			buildConfigurations = (
				8CE7DE5B2CA4541800DC7F50 /* Debug */,
				8CE7DE5C2CA4541800DC7F50 /* Release */,
			);
			defaultConfigurationIsVisible = 0;
			defaultConfigurationName = Release;
		};
/* End XCConfigurationList section */
	};
	rootObject = 8CE7DE262CA4541500DC7F50 /* Project object */;
}
